<?xml version="1.0" encoding="utf-8"?>
<Project ToolsVersion="4.0" xmlns="http://schemas.microsoft.com/developer/msbuild/2003">
  <ItemGroup>
    <ClInclude Include="stdafx.h" />
    <ClInclude Include="Setting.h" />
    <ClInclude Include="Excute\Execute.h" />
    <ClInclude Include="Graphic\Graphic.h" />
    <ClInclude Include="Window\Window.h" />
    <ClInclude Include="imGuizmo\ImGuizmo.h" />
    <ClInclude Include="imGui\imgui.h" />
    <ClInclude Include="imGui\imgui_impl_dx11.h" />
    <ClInclude Include="imGui\imgui_impl_win32.h" />
    <ClInclude Include="imGui\imgui_internal.h" />
    <ClInclude Include="imGui\imconfig.h" />
    <ClInclude Include="imGui\imstb_rectpack.h" />
    <ClInclude Include="imGui\imstb_textedit.h" />
    <ClInclude Include="imGui\imstb_truetype.h" />
    <ClInclude Include="singletonBase.h" />
    <ClInclude Include="Utility\keyManager.h" />
    <ClInclude Include="Inspector\Inspector.h" />
    <ClInclude Include="SkinnedMesh\cSkinnedMesh.h" />
    <ClInclude Include="Shader\cShaderBase.h" />
    <ClInclude Include="Shader\ShaderSkinned\cShaderSkinned.h" />
    <ClInclude Include="Shader\ShaderFire\cShaderFire.h" />
    <ClInclude Include="Shader\ShaderColor\cShaderColor.h" />
    <ClInclude Include="Shader\ShaderColor\cShaderColor_0.h" />
    <ClInclude Include="Shader\ShaderTexture\cShaderTexture.h" />
    <ClInclude Include="cTestBox.h" />
    <ClInclude Include="singletonBox.h" />
    <ClInclude Include="Canvas\cCanvas.h" />
    <ClInclude Include="Mesh\cMesh.h" />
    <ClInclude Include="Input\cInput.h" />
    <ClInclude Include="Canvas\Image\cImage.h" />
    <ClInclude Include="Canvas\UI\Button\cUIButton.h" />
    <ClInclude Include="Canvas\UI\cUIBase.h" />
    <ClInclude Include="Canvas\UI\Image\cUIImage.h" />
    <ClInclude Include="Grid\cGrid.h" />
    <ClInclude Include="MeshAnimator.h" />
    <ClInclude Include="MeshRenderer.h" />
    <ClInclude Include="SkinnedMesh.h" />
    <ClInclude Include="Ray\cRay.h" />
    <ClInclude Include="dirent.h" />
    <ClInclude Include="FileSave.h" />
  </ItemGroup>
  <ItemGroup>
    <ClCompile Include="stdafx.cpp" />
    <ClCompile Include="WinMain.cpp" />
    <ClCompile Include="Excute\Execute.cpp" />
    <ClCompile Include="Graphic\Graphic.cpp" />
    <ClCompile Include="imGuizmo\ImGuizmo.cpp" />
    <ClCompile Include="imGui\imgui.cpp" />
    <ClCompile Include="imGui\imgui_demo.cpp" />
    <ClCompile Include="imGui\imgui_draw.cpp" />
    <ClCompile Include="imGui\imgui_impl_dx11.cpp" />
    <ClCompile Include="imGui\imgui_impl_win32.cpp" />
    <ClCompile Include="imGui\imgui_widgets.cpp" />
    <ClCompile Include="Utility\keyManager.cpp" />
    <ClCompile Include="Inspector\Inspector.cpp" />
    <ClCompile Include="SkinnedMesh\cSkinnedMesh.cpp" />
    <ClCompile Include="Shader\cShaderBase.cpp" />
    <ClCompile Include="Shader\ShaderSkinned\cShaderSkinned.cpp" />
    <ClCompile Include="Shader\ShaderFire\cShaderFire.cpp" />
    <ClCompile Include="Shader\ShaderColor\cShaderColor.cpp" />
    <ClCompile Include="Shader\ShaderColor\cShaderColor_0.cpp" />
    <ClCompile Include="Shader\ShaderTexture\cShaderTexture.cpp" />
    <ClCompile Include="cTestBox.cpp" />
    <ClCompile Include="singletonBox.cpp" />
    <ClCompile Include="Canvas\cCanvas.cpp" />
    <ClCompile Include="Mesh\cMesh.cpp" />
    <ClCompile Include="Input\cInput.cpp" />
    <ClCompile Include="Canvas\Image\cImage.cpp" />
    <ClCompile Include="Canvas\UI\Button\cUIButton.cpp" />
    <ClCompile Include="Canvas\UI\cUIBase.cpp" />
    <ClCompile Include="Canvas\UI\Image\cUIImage.cpp" />
    <ClCompile Include="Grid\cGrid.cpp" />
    <ClCompile Include="MeshAnimator.cpp" />
    <ClCompile Include="MeshRenderer.cpp" />
    <ClCompile Include="SkinnedMesh.cpp" />
    <ClCompile Include="Ray\cRay.cpp" />
    <ClCompile Include="FileSave.cpp" />
  </ItemGroup>
</Project>